# This file is automatically @generated by Cargo.
# It is not intended for manual editing.
version = 3

[[package]]
name = "testup"
version = "0.1.0"
dependencies = [
 "wasm-nopackage",
]

[[package]]
name = "wasm-nopackage"
version = "0.1.4"
source = "registry+https://github.com/rust-lang/crates.io-index"
checksum = "4f82a88bdbda0fcaa37b98f1f9fd3fae580954f680919af608d4816b540586e9"
