# This file is automatically @generated by Cargo.
# It is not intended for manual editing.
version = 3

[[package]]
name = "testup"
version = "0.1.0"
dependencies = [
 "wasm-nopackage",
]

[[package]]
name = "wasm-nopackage"
version = "0.1.3"
source = "registry+https://github.com/rust-lang/crates.io-index"
checksum = "46a74ed1a703bd7c774de4b4d4f61c2b9a57a3ec57b7a40cc72a26d1d21de51d"
