# This file is automatically @generated by Cargo.
# It is not intended for manual editing.
version = 3

[[package]]
name = "testup"
version = "0.1.0"
dependencies = [
 "wasm-nopackage",
]

[[package]]
name = "wasm-nopackage"
version = "0.1.2"
source = "registry+https://github.com/rust-lang/crates.io-index"
checksum = "0e919353b3e9a8652858cceef5bcbce367d7a6639c8e74fcdebbbd6278dbc17d"
